<?xml version="1.0" encoding="utf-8"?>
<Project ToolsVersion="4.0" xmlns="http://schemas.microsoft.com/developer/msbuild/2003">
  <ItemGroup>
    <Filter Include="Neutron">
      <UniqueIdentifier>{50EA1D6C-BCC9-9C07-C5E1-27DE31400369}</UniqueIdentifier>
    </Filter>
  </ItemGroup>
  <ItemGroup>
    <ClInclude Include="src\Neutron.h" />
    <ClInclude Include="src\Neutron\Application.h">
      <Filter>Neutron</Filter>
    </ClInclude>
    <ClInclude Include="src\Neutron\Core.h">
      <Filter>Neutron</Filter>
    </ClInclude>
    <ClInclude Include="src\Neutron\EntryPoint.h">
      <Filter>Neutron</Filter>
    </ClInclude>
    <ClInclude Include="src\Neutron\Log.h">
      <Filter>Neutron</Filter>
    </ClInclude>
  </ItemGroup>
  <ItemGroup>
    <ClCompile Include="src\Neutron\Application.cpp">
      <Filter>Neutron</Filter>
    </ClCompile>
    <ClCompile Include="src\Neutron\Log.cpp">
      <Filter>Neutron</Filter>
    </ClCompile>
  </ItemGroup>
</Project>